
Microsoft Visual Studio Solution File, Format Version 12.00
# Visual Studio 15
VisualStudioVersion = 15.0.28307.779
MinimumVisualStudioVersion = 10.0.40219.1
Project("{FAE04EC0-301F-11D3-BF4B-00C04F79EFBC}") = "Subbotnik", "Subbotnik\Subbotnik.csproj", "{26CA25BC-F7B1-4E6A-9682-5E424681EF4B}"
EndProject
Project("{FAE04EC0-301F-11D3-BF4B-00C04F79EFBC}") = "Subbotnik.Fuck", "Subbotnik.Fuck\Subbotnik.Fuck.csproj", "{67463EDD-C446-4182-AE05-B28DDF066351}"
EndProject
Global
	GlobalSection(SolutionConfigurationPlatforms) = preSolution
		Debug|Any CPU = Debug|Any CPU
		Release|Any CPU = Release|Any CPU
	EndGlobalSection
	GlobalSection(ProjectConfigurationPlatforms) = postSolution
		{26CA25BC-F7B1-4E6A-9682-5E424681EF4B}.Debug|Any CPU.ActiveCfg = Debug|Any CPU
		{26CA25BC-F7B1-4E6A-9682-5E424681EF4B}.Debug|Any CPU.Build.0 = Debug|Any CPU
		{26CA25BC-F7B1-4E6A-9682-5E424681EF4B}.Release|Any CPU.ActiveCfg = Release|Any CPU
		{26CA25BC-F7B1-4E6A-9682-5E424681EF4B}.Release|Any CPU.Build.0 = Release|Any CPU
		{67463EDD-C446-4182-AE05-B28DDF066351}.Debug|Any CPU.ActiveCfg = Debug|Any CPU
		{67463EDD-C446-4182-AE05-B28DDF066351}.Debug|Any CPU.Build.0 = Debug|Any CPU
		{67463EDD-C446-4182-AE05-B28DDF066351}.Release|Any CPU.ActiveCfg = Release|Any CPU
		{67463EDD-C446-4182-AE05-B28DDF066351}.Release|Any CPU.Build.0 = Release|Any CPU
	EndGlobalSection
	GlobalSection(SolutionProperties) = preSolution
		HideSolutionNode = FALSE
	EndGlobalSection
	GlobalSection(ExtensibilityGlobals) = postSolution
		SolutionGuid = {35728AA2-14B2-429A-92DA-56006E096404}
	EndGlobalSection
EndGlobal
